
Microsoft Visual Studio Solution File, Format Version 12.00
# Visual Studio Version 17
VisualStudioVersion = 17.4.33110.190
MinimumVisualStudioVersion = 10.0.40219.1
Project("{2150E333-8FDC-42A3-9474-1A3956D46DE8}") = "1 - Api", "1 - Api", "{525677A7-2522-4EE2-97E1-5855498AF3C8}"
EndProject
Project("{2150E333-8FDC-42A3-9474-1A3956D46DE8}") = "2 - Application", "2 - Application", "{7A735DC7-B28A-4FF3-9200-8D451751FB68}"
EndProject
Project("{2150E333-8FDC-42A3-9474-1A3956D46DE8}") = "3 - Domain", "3 - Domain", "{A7AA9219-CC63-400B-B869-F600144A50EE}"
EndProject
Project("{2150E333-8FDC-42A3-9474-1A3956D46DE8}") = "4 - Infra", "4 - Infra", "{844B65D6-17E3-4996-983C-AC6BB4A0ACEA}"
EndProject
Project("{2150E333-8FDC-42A3-9474-1A3956D46DE8}") = "5 - Shared", "5 - Shared", "{DD4EDBE5-5569-4910-A69C-0DAFCF02F796}"
EndProject
Project("{9A19103F-16F7-4668-BE54-9A1E7A4F7556}") = "DotnetBoilerplate.Components.Api", "DotnetBoilerplate.Components.Api\DotnetBoilerplate.Components.Api.csproj", "{F06CB4DB-C2C5-4A56-80B8-1737BF38586D}"
EndProject
Project("{9A19103F-16F7-4668-BE54-9A1E7A4F7556}") = "DotnetBoilerplate.Components.Application", "DotnetBoilerplate.Components.Application\DotnetBoilerplate.Components.Application.csproj", "{0394004A-C723-4802-A177-BFB11E90DB0C}"
EndProject
Project("{9A19103F-16F7-4668-BE54-9A1E7A4F7556}") = "DotnetBoilerplate.Components.Domain", "DotnetBoilerplate.Components.Domain\DotnetBoilerplate.Components.Domain.csproj", "{6634616A-95DC-447A-AE77-5A1CE53134D9}"
EndProject
Project("{9A19103F-16F7-4668-BE54-9A1E7A4F7556}") = "DotnetBoilerplate.Components.Shared", "DotnetBoilerplate.Components.Shared\DotnetBoilerplate.Components.Shared.csproj", "{92E63058-8FD1-4E9E-B86F-C0C38CBE94BD}"
EndProject
Project("{9A19103F-16F7-4668-BE54-9A1E7A4F7556}") = "DotnetBoilerplate.Components.Infra.MongoDb", "DotnetBoilerplate.Components.Infra.MongoDb\DotnetBoilerplate.Components.Infra.MongoDb.csproj", "{54EDBA66-E5C6-43A8-ABDA-AFE6C773E98E}"
EndProject
Project("{9A19103F-16F7-4668-BE54-9A1E7A4F7556}") = "DotnetBoilerplate.Components.Domain.MongoDb", "DotnetBoilerplate.Components.MongoDb.Domain\DotnetBoilerplate.Components.Domain.MongoDb.csproj", "{FA68DC04-4406-498D-8ABD-3F39A400BB0A}"
EndProject
Project("{9A19103F-16F7-4668-BE54-9A1E7A4F7556}") = "DotnetBoilerplate.Components.Infra.CrossCutting", "DotnetBoilerplate.Components.Infra.CrossCutting\DotnetBoilerplate.Components.Infra.CrossCutting.csproj", "{9B7FAEE1-B1E7-4C10-9953-2BAD8883B7A8}"
EndProject
Project("{2150E333-8FDC-42A3-9474-1A3956D46DE8}") = "0 - Playground", "0 - Playground", "{A9D20822-8CB9-40D2-83B7-BBE591313C54}"
EndProject
Project("{9A19103F-16F7-4668-BE54-9A1E7A4F7556}") = "TestApi.Api", "Playground\TestApi.Api\TestApi.Api.csproj", "{B604644A-DCDE-490F-9B18-5D915B7CBF1C}"
EndProject
Project("{9A19103F-16F7-4668-BE54-9A1E7A4F7556}") = "TestApi.Application", "Playground\TestApi.Application\TestApi.Application.csproj", "{3FB76476-3E95-4F1C-A689-0122430660E1}"
EndProject
Project("{9A19103F-16F7-4668-BE54-9A1E7A4F7556}") = "TestApi.Domain", "Playground\TestApi.Domain\TestApi.Domain.csproj", "{95419EBC-AEDC-4956-8EF6-23E703966318}"
EndProject
Project("{9A19103F-16F7-4668-BE54-9A1E7A4F7556}") = "TestApi.Infra", "Playground\TestApi.Infra\TestApi.Infra.csproj", "{3A5EEE79-DE6C-430C-A318-1D058D2D4437}"
EndProject
Project("{9A19103F-16F7-4668-BE54-9A1E7A4F7556}") = "TestApi.Shared", "Playground\TestApi.Shared\TestApi.Shared.csproj", "{49F96CB0-D03D-4A29-9874-FF33D435D68D}"
EndProject
Project("{9A19103F-16F7-4668-BE54-9A1E7A4F7556}") = "TestApi.Infra.CrossCutting", "Playground\TestApi.Infra.CrossCutting\TestApi.Infra.CrossCutting.csproj", "{6E522D4F-54B2-4DE0-A5BE-8E2D7A6EE8DC}"
EndProject
Global
	GlobalSection(SolutionConfigurationPlatforms) = preSolution
		Debug|Any CPU = Debug|Any CPU
		Release|Any CPU = Release|Any CPU
	EndGlobalSection
	GlobalSection(ProjectConfigurationPlatforms) = postSolution
		{F06CB4DB-C2C5-4A56-80B8-1737BF38586D}.Debug|Any CPU.ActiveCfg = Debug|Any CPU
		{F06CB4DB-C2C5-4A56-80B8-1737BF38586D}.Debug|Any CPU.Build.0 = Debug|Any CPU
		{F06CB4DB-C2C5-4A56-80B8-1737BF38586D}.Release|Any CPU.ActiveCfg = Release|Any CPU
		{F06CB4DB-C2C5-4A56-80B8-1737BF38586D}.Release|Any CPU.Build.0 = Release|Any CPU
		{0394004A-C723-4802-A177-BFB11E90DB0C}.Debug|Any CPU.ActiveCfg = Debug|Any CPU
		{0394004A-C723-4802-A177-BFB11E90DB0C}.Debug|Any CPU.Build.0 = Debug|Any CPU
		{0394004A-C723-4802-A177-BFB11E90DB0C}.Release|Any CPU.ActiveCfg = Release|Any CPU
		{0394004A-C723-4802-A177-BFB11E90DB0C}.Release|Any CPU.Build.0 = Release|Any CPU
		{6634616A-95DC-447A-AE77-5A1CE53134D9}.Debug|Any CPU.ActiveCfg = Debug|Any CPU
		{6634616A-95DC-447A-AE77-5A1CE53134D9}.Debug|Any CPU.Build.0 = Debug|Any CPU
		{6634616A-95DC-447A-AE77-5A1CE53134D9}.Release|Any CPU.ActiveCfg = Release|Any CPU
		{6634616A-95DC-447A-AE77-5A1CE53134D9}.Release|Any CPU.Build.0 = Release|Any CPU
		{92E63058-8FD1-4E9E-B86F-C0C38CBE94BD}.Debug|Any CPU.ActiveCfg = Debug|Any CPU
		{92E63058-8FD1-4E9E-B86F-C0C38CBE94BD}.Debug|Any CPU.Build.0 = Debug|Any CPU
		{92E63058-8FD1-4E9E-B86F-C0C38CBE94BD}.Release|Any CPU.ActiveCfg = Release|Any CPU
		{92E63058-8FD1-4E9E-B86F-C0C38CBE94BD}.Release|Any CPU.Build.0 = Release|Any CPU
		{54EDBA66-E5C6-43A8-ABDA-AFE6C773E98E}.Debug|Any CPU.ActiveCfg = Debug|Any CPU
		{54EDBA66-E5C6-43A8-ABDA-AFE6C773E98E}.Debug|Any CPU.Build.0 = Debug|Any CPU
		{54EDBA66-E5C6-43A8-ABDA-AFE6C773E98E}.Release|Any CPU.ActiveCfg = Release|Any CPU
		{54EDBA66-E5C6-43A8-ABDA-AFE6C773E98E}.Release|Any CPU.Build.0 = Release|Any CPU
		{FA68DC04-4406-498D-8ABD-3F39A400BB0A}.Debug|Any CPU.ActiveCfg = Debug|Any CPU
		{FA68DC04-4406-498D-8ABD-3F39A400BB0A}.Debug|Any CPU.Build.0 = Debug|Any CPU
		{FA68DC04-4406-498D-8ABD-3F39A400BB0A}.Release|Any CPU.ActiveCfg = Release|Any CPU
		{FA68DC04-4406-498D-8ABD-3F39A400BB0A}.Release|Any CPU.Build.0 = Release|Any CPU
		{9B7FAEE1-B1E7-4C10-9953-2BAD8883B7A8}.Debug|Any CPU.ActiveCfg = Debug|Any CPU
		{9B7FAEE1-B1E7-4C10-9953-2BAD8883B7A8}.Debug|Any CPU.Build.0 = Debug|Any CPU
		{9B7FAEE1-B1E7-4C10-9953-2BAD8883B7A8}.Release|Any CPU.ActiveCfg = Release|Any CPU
		{9B7FAEE1-B1E7-4C10-9953-2BAD8883B7A8}.Release|Any CPU.Build.0 = Release|Any CPU
		{B604644A-DCDE-490F-9B18-5D915B7CBF1C}.Debug|Any CPU.ActiveCfg = Debug|Any CPU
		{B604644A-DCDE-490F-9B18-5D915B7CBF1C}.Debug|Any CPU.Build.0 = Debug|Any CPU
		{B604644A-DCDE-490F-9B18-5D915B7CBF1C}.Release|Any CPU.ActiveCfg = Release|Any CPU
		{B604644A-DCDE-490F-9B18-5D915B7CBF1C}.Release|Any CPU.Build.0 = Release|Any CPU
		{3FB76476-3E95-4F1C-A689-0122430660E1}.Debug|Any CPU.ActiveCfg = Debug|Any CPU
		{3FB76476-3E95-4F1C-A689-0122430660E1}.Debug|Any CPU.Build.0 = Debug|Any CPU
		{3FB76476-3E95-4F1C-A689-0122430660E1}.Release|Any CPU.ActiveCfg = Release|Any CPU
		{3FB76476-3E95-4F1C-A689-0122430660E1}.Release|Any CPU.Build.0 = Release|Any CPU
		{95419EBC-AEDC-4956-8EF6-23E703966318}.Debug|Any CPU.ActiveCfg = Debug|Any CPU
		{95419EBC-AEDC-4956-8EF6-23E703966318}.Debug|Any CPU.Build.0 = Debug|Any CPU
		{95419EBC-AEDC-4956-8EF6-23E703966318}.Release|Any CPU.ActiveCfg = Release|Any CPU
		{95419EBC-AEDC-4956-8EF6-23E703966318}.Release|Any CPU.Build.0 = Release|Any CPU
		{3A5EEE79-DE6C-430C-A318-1D058D2D4437}.Debug|Any CPU.ActiveCfg = Debug|Any CPU
		{3A5EEE79-DE6C-430C-A318-1D058D2D4437}.Debug|Any CPU.Build.0 = Debug|Any CPU
		{3A5EEE79-DE6C-430C-A318-1D058D2D4437}.Release|Any CPU.ActiveCfg = Release|Any CPU
		{3A5EEE79-DE6C-430C-A318-1D058D2D4437}.Release|Any CPU.Build.0 = Release|Any CPU
		{49F96CB0-D03D-4A29-9874-FF33D435D68D}.Debug|Any CPU.ActiveCfg = Debug|Any CPU
		{49F96CB0-D03D-4A29-9874-FF33D435D68D}.Debug|Any CPU.Build.0 = Debug|Any CPU
		{49F96CB0-D03D-4A29-9874-FF33D435D68D}.Release|Any CPU.ActiveCfg = Release|Any CPU
		{49F96CB0-D03D-4A29-9874-FF33D435D68D}.Release|Any CPU.Build.0 = Release|Any CPU
		{6E522D4F-54B2-4DE0-A5BE-8E2D7A6EE8DC}.Debug|Any CPU.ActiveCfg = Debug|Any CPU
		{6E522D4F-54B2-4DE0-A5BE-8E2D7A6EE8DC}.Debug|Any CPU.Build.0 = Debug|Any CPU
		{6E522D4F-54B2-4DE0-A5BE-8E2D7A6EE8DC}.Release|Any CPU.ActiveCfg = Release|Any CPU
		{6E522D4F-54B2-4DE0-A5BE-8E2D7A6EE8DC}.Release|Any CPU.Build.0 = Release|Any CPU
	EndGlobalSection
	GlobalSection(SolutionProperties) = preSolution
		HideSolutionNode = FALSE
	EndGlobalSection
	GlobalSection(NestedProjects) = preSolution
		{F06CB4DB-C2C5-4A56-80B8-1737BF38586D} = {525677A7-2522-4EE2-97E1-5855498AF3C8}
		{0394004A-C723-4802-A177-BFB11E90DB0C} = {7A735DC7-B28A-4FF3-9200-8D451751FB68}
		{6634616A-95DC-447A-AE77-5A1CE53134D9} = {A7AA9219-CC63-400B-B869-F600144A50EE}
		{92E63058-8FD1-4E9E-B86F-C0C38CBE94BD} = {DD4EDBE5-5569-4910-A69C-0DAFCF02F796}
		{54EDBA66-E5C6-43A8-ABDA-AFE6C773E98E} = {844B65D6-17E3-4996-983C-AC6BB4A0ACEA}
		{FA68DC04-4406-498D-8ABD-3F39A400BB0A} = {A7AA9219-CC63-400B-B869-F600144A50EE}
		{9B7FAEE1-B1E7-4C10-9953-2BAD8883B7A8} = {844B65D6-17E3-4996-983C-AC6BB4A0ACEA}
		{B604644A-DCDE-490F-9B18-5D915B7CBF1C} = {A9D20822-8CB9-40D2-83B7-BBE591313C54}
		{3FB76476-3E95-4F1C-A689-0122430660E1} = {A9D20822-8CB9-40D2-83B7-BBE591313C54}
		{95419EBC-AEDC-4956-8EF6-23E703966318} = {A9D20822-8CB9-40D2-83B7-BBE591313C54}
		{3A5EEE79-DE6C-430C-A318-1D058D2D4437} = {A9D20822-8CB9-40D2-83B7-BBE591313C54}
		{49F96CB0-D03D-4A29-9874-FF33D435D68D} = {A9D20822-8CB9-40D2-83B7-BBE591313C54}
		{6E522D4F-54B2-4DE0-A5BE-8E2D7A6EE8DC} = {A9D20822-8CB9-40D2-83B7-BBE591313C54}
	EndGlobalSection
	GlobalSection(ExtensibilityGlobals) = postSolution
		SolutionGuid = {AC93B711-2868-4A48-9DD1-32201683CBC7}
	EndGlobalSection
EndGlobal
